
Microsoft Visual Studio Solution File, Format Version 12.00
# Visual Studio Version 16
VisualStudioVersion = 16.0.31321.278
MinimumVisualStudioVersion = 10.0.40219.1
Project("{FAE04EC0-301F-11D3-BF4B-00C04F79EFBC}") = "Rachunkowość", "Rachunkowość.csproj", "{631B6F6E-8A1F-4C91-89B7-7BC4D6434EF8}"
EndProject
Global
	GlobalSection(SolutionConfigurationPlatforms) = preSolution
		Debug|Any CPU = Debug|Any CPU
		Release|Any CPU = Release|Any CPU
	EndGlobalSection
	GlobalSection(ProjectConfigurationPlatforms) = postSolution
		{631B6F6E-8A1F-4C91-89B7-7BC4D6434EF8}.Debug|Any CPU.ActiveCfg = Debug|Any CPU
		{631B6F6E-8A1F-4C91-89B7-7BC4D6434EF8}.Debug|Any CPU.Build.0 = Debug|Any CPU
		{631B6F6E-8A1F-4C91-89B7-7BC4D6434EF8}.Release|Any CPU.ActiveCfg = Release|Any CPU
		{631B6F6E-8A1F-4C91-89B7-7BC4D6434EF8}.Release|Any CPU.Build.0 = Release|Any CPU
	EndGlobalSection
	GlobalSection(SolutionProperties) = preSolution
		HideSolutionNode = FALSE
	EndGlobalSection
	GlobalSection(ExtensibilityGlobals) = postSolution
		SolutionGuid = {202C3576-B69D-4862-802A-00DD60FFE81C}
	EndGlobalSection
EndGlobal
